github.com/gopherlibs/appindicator v1.1.0 h1:C0Hrkk0ouxwFU6gO3PinERdUG+w0aN0kBmV/gwRlBx0=
github.com/gopherlibs/appindicator v1.1.0/go.mod h1:INQ0F0+p7CpOtufuY1Kgba0zB9iB6sEvAnh9kS1c7JM=
github.com/gotk3/gotk3 v0.6.1 h1:GJ400a0ecEEWrzjBvzBzH+pB/esEMIGdB9zPSmBdoeo=
github.com/gotk3/gotk3 v0.6.1/go.mod h1:/hqFpkNa9T3JgNAE2fLvCdov7c5bw//FHNZrZ3Uv9/Q=
github.com/magefile/mage v1.10.0 h1:3HiXzCUY12kh9bIuyXShaVe529fJfyqoVM42o/uom2g=
github.com/magefile/mage v1.10.0/go.mod h1:z5UZb/iS3GoOSn0JgWuiw7dxlurVYTu+/jHXqQg881A=
